
Microsoft Visual Studio Solution File, Format Version 12.00
# Visual Studio Version 17
VisualStudioVersion = 17.6.33815.320
MinimumVisualStudioVersion = 10.0.40219.1
Project("{FAE04EC0-301F-11D3-BF4B-00C04F79EFBC}") = "ECommerce_MVC", "ECommerce_MVC\ECommerce_MVC.csproj", "{90F37B29-3E80-44AD-851F-01FE049E0D7C}"
EndProject
Global
	GlobalSection(SolutionConfigurationPlatforms) = preSolution
		Debug|Any CPU = Debug|Any CPU
		Release|Any CPU = Release|Any CPU
	EndGlobalSection
	GlobalSection(ProjectConfigurationPlatforms) = postSolution
		{90F37B29-3E80-44AD-851F-01FE049E0D7C}.Debug|Any CPU.ActiveCfg = Debug|Any CPU
		{90F37B29-3E80-44AD-851F-01FE049E0D7C}.Debug|Any CPU.Build.0 = Debug|Any CPU
		{90F37B29-3E80-44AD-851F-01FE049E0D7C}.Release|Any CPU.ActiveCfg = Release|Any CPU
		{90F37B29-3E80-44AD-851F-01FE049E0D7C}.Release|Any CPU.Build.0 = Release|Any CPU
	EndGlobalSection
	GlobalSection(SolutionProperties) = preSolution
		HideSolutionNode = FALSE
	EndGlobalSection
	GlobalSection(ExtensibilityGlobals) = postSolution
		SolutionGuid = {5B548F30-B9FD-4951-BFB5-492614C7A95A}
	EndGlobalSection
EndGlobal
